// !$*UTF8*$!
{
	archiveVersion = 1;
	classes = {
	};
	objectVersion = 50;
	objects = {

/* Begin PBXBuildFile section */
		3110684621C06EFD00E9174F /* AppDelegate.swift in Sources */ = {isa = PBXBuildFile; fileRef = 3110684521C06EFD00E9174F /* AppDelegate.swift */; };
		3110684821C06EFD00E9174F /* ViewController.swift in Sources */ = {isa = PBXBuildFile; fileRef = 3110684721C06EFD00E9174F /* ViewController.swift */; };
		3110684B21C06EFD00E9174F /* Main.storyboard in Resources */ = {isa = PBXBuildFile; fileRef = 3110684921C06EFD00E9174F /* Main.storyboard */; };
		3110684D21C06EFE00E9174F /* Assets.xcassets in Resources */ = {isa = PBXBuildFile; fileRef = 3110684C21C06EFE00E9174F /* Assets.xcassets */; };
		3110685021C06EFE00E9174F /* LaunchScreen.storyboard in Resources */ = {isa = PBXBuildFile; fileRef = 3110684E21C06EFE00E9174F /* LaunchScreen.storyboard */; };
		3110685821C06F4C00E9174F /* WeatherModel.swift in Sources */ = {isa = PBXBuildFile; fileRef = 3110685721C06F4C00E9174F /* WeatherModel.swift */; };
		3110685D21C06FD700E9174F /* Alamofire.framework.dSYM in Resources */ = {isa = PBXBuildFile; fileRef = 3110685921C06FD700E9174F /* Alamofire.framework.dSYM */; };
		3110685E21C06FD700E9174F /* SwiftyJSON.framework in Frameworks */ = {isa = PBXBuildFile; fileRef = 3110685A21C06FD700E9174F /* SwiftyJSON.framework */; };
		3110685F21C06FD700E9174F /* Alamofire.framework in Frameworks */ = {isa = PBXBuildFile; fileRef = 3110685B21C06FD700E9174F /* Alamofire.framework */; };
		3110686021C06FD700E9174F /* SwiftyJSON.framework.dSYM in Resources */ = {isa = PBXBuildFile; fileRef = 3110685C21C06FD700E9174F /* SwiftyJSON.framework.dSYM */; };
		3110686121C06FE200E9174F /* Alamofire.framework in Frameworks */ = {isa = PBXBuildFile; fileRef = 3110685B21C06FD700E9174F /* Alamofire.framework */; };
		3110686221C06FE200E9174F /* Alamofire.framework in Embed Frameworks */ = {isa = PBXBuildFile; fileRef = 3110685B21C06FD700E9174F /* Alamofire.framework */; settings = {ATTRIBUTES = (CodeSignOnCopy, RemoveHeadersOnCopy, ); }; };
		3110686321C06FE200E9174F /* SwiftyJSON.framework in Frameworks */ = {isa = PBXBuildFile; fileRef = 3110685A21C06FD700E9174F /* SwiftyJSON.framework */; };
		3110686421C06FE200E9174F /* SwiftyJSON.framework in Embed Frameworks */ = {isa = PBXBuildFile; fileRef = 3110685A21C06FD700E9174F /* SwiftyJSON.framework */; settings = {ATTRIBUTES = (CodeSignOnCopy, RemoveHeadersOnCopy, ); }; };
/* End PBXBuildFile section */

/* Begin PBXCopyFilesBuildPhase section */
		3110686521C06FE200E9174F /* Embed Frameworks */ = {
			isa = PBXCopyFilesBuildPhase;
			buildActionMask = 2147483647;
			dstPath = "";
			dstSubfolderSpec = 10;
			files = (
				3110686421C06FE200E9174F /* SwiftyJSON.framework in Embed Frameworks */,
				3110686221C06FE200E9174F /* Alamofire.framework in Embed Frameworks */,
			);
			name = "Embed Frameworks";
			runOnlyForDeploymentPostprocessing = 0;
		};
/* End PBXCopyFilesBuildPhase section */

/* Begin PBXFileReference section */
		3110684221C06EFD00E9174F /* Weather5.app */ = {isa = PBXFileReference; explicitFileType = wrapper.application; includeInIndex = 0; path = Weather5.app; sourceTree = BUILT_PRODUCTS_DIR; };
		3110684521C06EFD00E9174F /* AppDelegate.swift */ = {isa = PBXFileReference; lastKnownFileType = sourcecode.swift; path = AppDelegate.swift; sourceTree = "<group>"; };
		3110684721C06EFD00E9174F /* ViewController.swift */ = {isa = PBXFileReference; lastKnownFileType = sourcecode.swift; path = ViewController.swift; sourceTree = "<group>"; };
		3110684A21C06EFD00E9174F /* Base */ = {isa = PBXFileReference; lastKnownFileType = file.storyboard; name = Base; path = Base.lproj/Main.storyboard; sourceTree = "<group>"; };
		3110684C21C06EFE00E9174F /* Assets.xcassets */ = {isa = PBXFileReference; lastKnownFileType = folder.assetcatalog; path = Assets.xcassets; sourceTree = "<group>"; };
		3110684F21C06EFE00E9174F /* Base */ = {isa = PBXFileReference; lastKnownFileType = file.storyboard; name = Base; path = Base.lproj/LaunchScreen.storyboard; sourceTree = "<group>"; };
		3110685121C06EFE00E9174F /* Info.plist */ = {isa = PBXFileReference; lastKnownFileType = text.plist.xml; path = Info.plist; sourceTree = "<group>"; };
		3110685721C06F4C00E9174F /* WeatherModel.swift */ = {isa = PBXFileReference; lastKnownFileType = sourcecode.swift; path = WeatherModel.swift; sourceTree = "<group>"; };
		3110685921C06FD700E9174F /* Alamofire.framework.dSYM */ = {isa = PBXFileReference; lastKnownFileType = wrapper.dsym; name = Alamofire.framework.dSYM; path = Carthage/Build/iOS/Alamofire.framework.dSYM; sourceTree = SOURCE_ROOT; };
		3110685A21C06FD700E9174F /* SwiftyJSON.framework */ = {isa = PBXFileReference; lastKnownFileType = wrapper.framework; name = SwiftyJSON.framework; path = Carthage/Build/iOS/SwiftyJSON.framework; sourceTree = SOURCE_ROOT; };
		3110685B21C06FD700E9174F /* Alamofire.framework */ = {isa = PBXFileReference; lastKnownFileType = wrapper.framework; name = Alamofire.framework; path = Carthage/Build/iOS/Alamofire.framework; sourceTree = SOURCE_ROOT; };
		3110685C21C06FD700E9174F /* SwiftyJSON.framework.dSYM */ = {isa = PBXFileReference; lastKnownFileType = wrapper.dsym; name = SwiftyJSON.framework.dSYM; path = Carthage/Build/iOS/SwiftyJSON.framework.dSYM; sourceTree = SOURCE_ROOT; };
/* End PBXFileReference section */

/* Begin PBXFrameworksBuildPhase section */
		3110683F21C06EFD00E9174F /* Frameworks */ = {
			isa = PBXFrameworksBuildPhase;
			buildActionMask = 2147483647;
			files = (
				3110686321C06FE200E9174F /* SwiftyJSON.framework in Frameworks */,
				3110685E21C06FD700E9174F /* SwiftyJSON.framework in Frameworks */,
				3110686121C06FE200E9174F /* Alamofire.framework in Frameworks */,
				3110685F21C06FD700E9174F /* Alamofire.framework in Frameworks */,
			);
			runOnlyForDeploymentPostprocessing = 0;
		};
/* End PBXFrameworksBuildPhase section */

/* Begin PBXGroup section */
		3110683921C06EFD00E9174F = {
			isa = PBXGroup;
			children = (
				3110684421C06EFD00E9174F /* Weather5 */,
				3110684321C06EFD00E9174F /* Products */,
			);
			sourceTree = "<group>";
		};
		3110684321C06EFD00E9174F /* Products */ = {
			isa = PBXGroup;
			children = (
				3110684221C06EFD00E9174F /* Weather5.app */,
			);
			name = Products;
			sourceTree = "<group>";
		};
		3110684421C06EFD00E9174F /* Weather5 */ = {
			isa = PBXGroup;
			children = (
				3110685B21C06FD700E9174F /* Alamofire.framework */,
				3110685921C06FD700E9174F /* Alamofire.framework.dSYM */,
				3110685A21C06FD700E9174F /* SwiftyJSON.framework */,
				3110685C21C06FD700E9174F /* SwiftyJSON.framework.dSYM */,
				3110684521C06EFD00E9174F /* AppDelegate.swift */,
				3110684721C06EFD00E9174F /* ViewController.swift */,
				3110684921C06EFD00E9174F /* Main.storyboard */,
				3110684C21C06EFE00E9174F /* Assets.xcassets */,
				3110684E21C06EFE00E9174F /* LaunchScreen.storyboard */,
				3110685121C06EFE00E9174F /* Info.plist */,
				3110685721C06F4C00E9174F /* WeatherModel.swift */,
			);
			path = Weather5;
			sourceTree = "<group>";
		};
/* End PBXGroup section */

/* Begin PBXNativeTarget section */
		3110684121C06EFD00E9174F /* Weather5 */ = {
			isa = PBXNativeTarget;
			buildConfigurationList = 3110685421C06EFE00E9174F /* Build configuration list for PBXNativeTarget "Weather5" */;
			buildPhases = (
				3110683E21C06EFD00E9174F /* Sources */,
				3110683F21C06EFD00E9174F /* Frameworks */,
				3110684021C06EFD00E9174F /* Resources */,
				3110686521C06FE200E9174F /* Embed Frameworks */,
			);
			buildRules = (
			);
			dependencies = (
			);
			name = Weather5;
			productName = Weather5;
			productReference = 3110684221C06EFD00E9174F /* Weather5.app */;
			productType = "com.apple.product-type.application";
		};
/* End PBXNativeTarget section */

/* Begin PBXProject section */
		3110683A21C06EFD00E9174F /* Project object */ = {
			isa = PBXProject;
			attributes = {
				LastSwiftUpdateCheck = 1010;
				LastUpgradeCheck = 1010;
				ORGANIZATIONNAME = "Dmitry Belyaev";
				TargetAttributes = {
					3110684121C06EFD00E9174F = {
						CreatedOnToolsVersion = 10.1;
					};
				};
			};
			buildConfigurationList = 3110683D21C06EFD00E9174F /* Build configuration list for PBXProject "Weather5" */;
			compatibilityVersion = "Xcode 9.3";
			developmentRegion = en;
			hasScannedForEncodings = 0;
			knownRegions = (
				en,
				Base,
			);
			mainGroup = 3110683921C06EFD00E9174F;
			productRefGroup = 3110684321C06EFD00E9174F /* Products */;
			projectDirPath = "";
			projectRoot = "";
			targets = (
				3110684121C06EFD00E9174F /* Weather5 */,
			);
		};
/* End PBXProject section */

/* Begin PBXResourcesBuildPhase section */
		3110684021C06EFD00E9174F /* Resources */ = {
			isa = PBXResourcesBuildPhase;
			buildActionMask = 2147483647;
			files = (
				3110685021C06EFE00E9174F /* LaunchScreen.storyboard in Resources */,
				3110686021C06FD700E9174F /* SwiftyJSON.framework.dSYM in Resources */,
				3110684D21C06EFE00E9174F /* Assets.xcassets in Resources */,
				3110684B21C06EFD00E9174F /* Main.storyboard in Resources */,
				3110685D21C06FD700E9174F /* Alamofire.framework.dSYM in Resources */,
			);
			runOnlyForDeploymentPostprocessing = 0;
		};
/* End PBXResourcesBuildPhase section */

/* Begin PBXSourcesBuildPhase section */
		3110683E21C06EFD00E9174F /* Sources */ = {
			isa = PBXSourcesBuildPhase;
			buildActionMask = 2147483647;
			files = (
				3110684821C06EFD00E9174F /* ViewController.swift in Sources */,
				3110685821C06F4C00E9174F /* WeatherModel.swift in Sources */,
				3110684621C06EFD00E9174F /* AppDelegate.swift in Sources */,
			);
			runOnlyForDeploymentPostprocessing = 0;
		};
/* End PBXSourcesBuildPhase section */

/* Begin PBXVariantGroup section */
		3110684921C06EFD00E9174F /* Main.storyboard */ = {
			isa = PBXVariantGroup;
			children = (
				3110684A21C06EFD00E9174F /* Base */,
			);
			name = Main.storyboard;
			sourceTree = "<group>";
		};
		3110684E21C06EFE00E9174F /* LaunchScreen.storyboard */ = {
			isa = PBXVariantGroup;
			children = (
				3110684F21C06EFE00E9174F /* Base */,
			);
			name = LaunchScreen.storyboard;
			sourceTree = "<group>";
		};
/* End PBXVariantGroup section */

/* Begin XCBuildConfiguration section */
		3110685221C06EFE00E9174F /* Debug */ = {
			isa = XCBuildConfiguration;
			buildSettings = {
				ALWAYS_SEARCH_USER_PATHS = NO;
				CLANG_ANALYZER_NONNULL = YES;
				CLANG_ANALYZER_NUMBER_OBJECT_CONVERSION = YES_AGGRESSIVE;
				CLANG_CXX_LANGUAGE_STANDARD = "gnu++14";
				CLANG_CXX_LIBRARY = "libc++";
				CLANG_ENABLE_MODULES = YES;
				CLANG_ENABLE_OBJC_ARC = YES;
				CLANG_ENABLE_OBJC_WEAK = YES;
				CLANG_WARN_BLOCK_CAPTURE_AUTORELEASING = YES;
				CLANG_WARN_BOOL_CONVERSION = YES;
				CLANG_WARN_COMMA = YES;
				CLANG_WARN_CONSTANT_CONVERSION = YES;
				CLANG_WARN_DEPRECATED_OBJC_IMPLEMENTATIONS = YES;
				CLANG_WARN_DIRECT_OBJC_ISA_USAGE = YES_ERROR;
				CLANG_WARN_DOCUMENTATION_COMMENTS = YES;
				CLANG_WARN_EMPTY_BODY = YES;
				CLANG_WARN_ENUM_CONVERSION = YES;
				CLANG_WARN_INFINITE_RECURSION = YES;
				CLANG_WARN_INT_CONVERSION = YES;
				CLANG_WARN_NON_LITERAL_NULL_CONVERSION = YES;
				CLANG_WARN_OBJC_IMPLICIT_RETAIN_SELF = YES;
				CLANG_WARN_OBJC_LITERAL_CONVERSION = YES;
				CLANG_WARN_OBJC_ROOT_CLASS = YES_ERROR;
				CLANG_WARN_RANGE_LOOP_ANALYSIS = YES;
				CLANG_WARN_STRICT_PROTOTYPES = YES;
				CLANG_WARN_SUSPICIOUS_MOVE = YES;
				CLANG_WARN_UNGUARDED_AVAILABILITY = YES_AGGRESSIVE;
				CLANG_WARN_UNREACHABLE_CODE = YES;
				CLANG_WARN__DUPLICATE_METHOD_MATCH = YES;
				CODE_SIGN_IDENTITY = "iPhone Developer";
				COPY_PHASE_STRIP = NO;
				DEBUG_INFORMATION_FORMAT = dwarf;
				ENABLE_STRICT_OBJC_MSGSEND = YES;
				ENABLE_TESTABILITY = YES;
				GCC_C_LANGUAGE_STANDARD = gnu11;
				GCC_DYNAMIC_NO_PIC = NO;
				GCC_NO_COMMON_BLOCKS = YES;
				GCC_OPTIMIZATION_LEVEL = 0;
				GCC_PREPROCESSOR_DEFINITIONS = (
					"DEBUG=1",
					"$(inherited)",
				);
				GCC_WARN_64_TO_32_BIT_CONVERSION = YES;
				GCC_WARN_ABOUT_RETURN_TYPE = YES_ERROR;
				GCC_WARN_UNDECLARED_SELECTOR = YES;
				GCC_WARN_UNINITIALIZED_AUTOS = YES_AGGRESSIVE;
				GCC_WARN_UNUSED_FUNCTION = YES;
				GCC_WARN_UNUSED_VARIABLE = YES;
				IPHONEOS_DEPLOYMENT_TARGET = 12.1;
				MTL_ENABLE_DEBUG_INFO = INCLUDE_SOURCE;
				MTL_FAST_MATH = YES;
				ONLY_ACTIVE_ARCH = YES;
				SDKROOT = iphoneos;
				SWIFT_ACTIVE_COMPILATION_CONDITIONS = DEBUG;
				SWIFT_OPTIMIZATION_LEVEL = "-Onone";
			};
			name = Debug;
		};
		3110685321C06EFE00E9174F /* Release */ = {
			isa = XCBuildConfiguration;
			buildSettings = {
				ALWAYS_SEARCH_USER_PATHS = NO;
				CLANG_ANALYZER_NONNULL = YES;
				CLANG_ANALYZER_NUMBER_OBJECT_CONVERSION = YES_AGGRESSIVE;
				CLANG_CXX_LANGUAGE_STANDARD = "gnu++14";
				CLANG_CXX_LIBRARY = "libc++";
				CLANG_ENABLE_MODULES = YES;
				CLANG_ENABLE_OBJC_ARC = YES;
				CLANG_ENABLE_OBJC_WEAK = YES;
				CLANG_WARN_BLOCK_CAPTURE_AUTORELEASING = YES;
				CLANG_WARN_BOOL_CONVERSION = YES;
				CLANG_WARN_COMMA = YES;
				CLANG_WARN_CONSTANT_CONVERSION = YES;
				CLANG_WARN_DEPRECATED_OBJC_IMPLEMENTATIONS = YES;
				CLANG_WARN_DIRECT_OBJC_ISA_USAGE = YES_ERROR;
				CLANG_WARN_DOCUMENTATION_COMMENTS = YES;
				CLANG_WARN_EMPTY_BODY = YES;
				CLANG_WARN_ENUM_CONVERSION = YES;
				CLANG_WARN_INFINITE_RECURSION = YES;
				CLANG_WARN_INT_CONVERSION = YES;
				CLANG_WARN_NON_LITERAL_NULL_CONVERSION = YES;
				CLANG_WARN_OBJC_IMPLICIT_RETAIN_SELF = YES;
				CLANG_WARN_OBJC_LITERAL_CONVERSION = YES;
				CLANG_WARN_OBJC_ROOT_CLASS = YES_ERROR;
				CLANG_WARN_RANGE_LOOP_ANALYSIS = YES;
				CLANG_WARN_STRICT_PROTOTYPES = YES;
				CLANG_WARN_SUSPICIOUS_MOVE = YES;
				CLANG_WARN_UNGUARDED_AVAILABILITY = YES_AGGRESSIVE;
				CLANG_WARN_UNREACHABLE_CODE = YES;
				CLANG_WARN__DUPLICATE_METHOD_MATCH = YES;
				CODE_SIGN_IDENTITY = "iPhone Developer";
				COPY_PHASE_STRIP = NO;
				DEBUG_INFORMATION_FORMAT = "dwarf-with-dsym";
				ENABLE_NS_ASSERTIONS = NO;
				ENABLE_STRICT_OBJC_MSGSEND = YES;
				GCC_C_LANGUAGE_STANDARD = gnu11;
				GCC_NO_COMMON_BLOCKS = YES;
				GCC_WARN_64_TO_32_BIT_CONVERSION = YES;
				GCC_WARN_ABOUT_RETURN_TYPE = YES_ERROR;
				GCC_WARN_UNDECLARED_SELECTOR = YES;
				GCC_WARN_UNINITIALIZED_AUTOS = YES_AGGRESSIVE;
				GCC_WARN_UNUSED_FUNCTION = YES;
				GCC_WARN_UNUSED_VARIABLE = YES;
				IPHONEOS_DEPLOYMENT_TARGET = 12.1;
				MTL_ENABLE_DEBUG_INFO = NO;
				MTL_FAST_MATH = YES;
				SDKROOT = iphoneos;
				SWIFT_COMPILATION_MODE = wholemodule;
				SWIFT_OPTIMIZATION_LEVEL = "-O";
				VALIDATE_PRODUCT = YES;
			};
			name = Release;
		};
		3110685521C06EFE00E9174F /* Debug */ = {
			isa = XCBuildConfiguration;
			buildSettings = {
				ASSETCATALOG_COMPILER_APPICON_NAME = AppIcon;
				CODE_SIGN_STYLE = Automatic;
				DEVELOPMENT_TEAM = BP4MT8WDNF;
				FRAMEWORK_SEARCH_PATHS = (
					"$(inherited)",
					"$(PROJECT_DIR)/Carthage/Build/iOS",
				);
				INFOPLIST_FILE = Weather5/Info.plist;
				LD_RUNPATH_SEARCH_PATHS = (
					"$(inherited)",
					"@executable_path/Frameworks",
				);
				PRODUCT_BUNDLE_IDENTIFIER = ru.dmitry.belyaev.Weather5;
				PRODUCT_NAME = "$(TARGET_NAME)";
				SWIFT_VERSION = 4.2;
				TARGETED_DEVICE_FAMILY = "1,2";
			};
			name = Debug;
		};
		3110685621C06EFE00E9174F /* Release */ = {
			isa = XCBuildConfiguration;
			buildSettings = {
				ASSETCATALOG_COMPILER_APPICON_NAME = AppIcon;
				CODE_SIGN_STYLE = Automatic;
				DEVELOPMENT_TEAM = BP4MT8WDNF;
				FRAMEWORK_SEARCH_PATHS = (
					"$(inherited)",
					"$(PROJECT_DIR)/Carthage/Build/iOS",
				);
				INFOPLIST_FILE = Weather5/Info.plist;
				LD_RUNPATH_SEARCH_PATHS = (
					"$(inherited)",
					"@executable_path/Frameworks",
				);
				PRODUCT_BUNDLE_IDENTIFIER = ru.dmitry.belyaev.Weather5;
				PRODUCT_NAME = "$(TARGET_NAME)";
				SWIFT_VERSION = 4.2;
				TARGETED_DEVICE_FAMILY = "1,2";
			};
			name = Release;
		};
/* End XCBuildConfiguration section */

/* Begin XCConfigurationList section */
		3110683D21C06EFD00E9174F /* Build configuration list for PBXProject "Weather5" */ = {
			isa = XCConfigurationList;
			buildConfigurations = (
				3110685221C06EFE00E9174F /* Debug */,
				3110685321C06EFE00E9174F /* Release */,
			);
			defaultConfigurationIsVisible = 0;
			defaultConfigurationName = Release;
		};
		3110685421C06EFE00E9174F /* Build configuration list for PBXNativeTarget "Weather5" */ = {
			isa = XCConfigurationList;
			buildConfigurations = (
				3110685521C06EFE00E9174F /* Debug */,
				3110685621C06EFE00E9174F /* Release */,
			);
			defaultConfigurationIsVisible = 0;
			defaultConfigurationName = Release;
		};
/* End XCConfigurationList section */
	};
	rootObject = 3110683A21C06EFD00E9174F /* Project object */;
}
