// !$*UTF8*$!
{
	archiveVersion = 1;
	classes = {
	};
	objectVersion = 50;
	objects = {

/* Begin PBXBuildFile section */
		3140AB5721BF246C008A9780 /* Alamofire.framework.dSYM in Resources */ = {isa = PBXBuildFile; fileRef = 3140AB5521BF246C008A9780 /* Alamofire.framework.dSYM */; };
		3140AB5821BF246C008A9780 /* Alamofire.framework in Frameworks */ = {isa = PBXBuildFile; fileRef = 3140AB5621BF246C008A9780 /* Alamofire.framework */; };
		3140AB5C21BF27A3008A9780 /* Alamofire.framework in CopyFiles */ = {isa = PBXBuildFile; fileRef = 3140AB5621BF246C008A9780 /* Alamofire.framework */; settings = {ATTRIBUTES = (CodeSignOnCopy, RemoveHeadersOnCopy, ); }; };
		3140AB5F21BF2B98008A9780 /* SwiftyJSON.framework.dSYM in Resources */ = {isa = PBXBuildFile; fileRef = 3140AB5D21BF2B98008A9780 /* SwiftyJSON.framework.dSYM */; };
		3140AB6021BF2B98008A9780 /* SwiftyJSON.framework in Frameworks */ = {isa = PBXBuildFile; fileRef = 3140AB5E21BF2B98008A9780 /* SwiftyJSON.framework */; };
		3140AB6121BF2BAF008A9780 /* SwiftyJSON.framework in CopyFiles */ = {isa = PBXBuildFile; fileRef = 3140AB5E21BF2B98008A9780 /* SwiftyJSON.framework */; settings = {ATTRIBUTES = (CodeSignOnCopy, RemoveHeadersOnCopy, ); }; };
		3140AB7021C04F40008A9780 /* WeatherModel.swift in Sources */ = {isa = PBXBuildFile; fileRef = 3140AB6F21C04F40008A9780 /* WeatherModel.swift */; };
		31C6EBD1211E7DF800F3F61E /* AppDelegate.swift in Sources */ = {isa = PBXBuildFile; fileRef = 31C6EBD0211E7DF800F3F61E /* AppDelegate.swift */; };
		31C6EBD3211E7DF800F3F61E /* ViewController.swift in Sources */ = {isa = PBXBuildFile; fileRef = 31C6EBD2211E7DF800F3F61E /* ViewController.swift */; };
		31C6EBD6211E7DF800F3F61E /* Main.storyboard in Resources */ = {isa = PBXBuildFile; fileRef = 31C6EBD4211E7DF800F3F61E /* Main.storyboard */; };
		31C6EBD8211E7DF800F3F61E /* Assets.xcassets in Resources */ = {isa = PBXBuildFile; fileRef = 31C6EBD7211E7DF800F3F61E /* Assets.xcassets */; };
		31C6EBDB211E7DF800F3F61E /* LaunchScreen.storyboard in Resources */ = {isa = PBXBuildFile; fileRef = 31C6EBD9211E7DF800F3F61E /* LaunchScreen.storyboard */; };
/* End PBXBuildFile section */

/* Begin PBXCopyFilesBuildPhase section */
		3140AB5B21BF276F008A9780 /* CopyFiles */ = {
			isa = PBXCopyFilesBuildPhase;
			buildActionMask = 2147483647;
			dstPath = "";
			dstSubfolderSpec = 10;
			files = (
				3140AB6121BF2BAF008A9780 /* SwiftyJSON.framework in CopyFiles */,
				3140AB5C21BF27A3008A9780 /* Alamofire.framework in CopyFiles */,
			);
			runOnlyForDeploymentPostprocessing = 0;
		};
/* End PBXCopyFilesBuildPhase section */

/* Begin PBXFileReference section */
		3140AB5521BF246C008A9780 /* Alamofire.framework.dSYM */ = {isa = PBXFileReference; lastKnownFileType = wrapper.dsym; name = Alamofire.framework.dSYM; path = Carthage/Build/iOS/Alamofire.framework.dSYM; sourceTree = SOURCE_ROOT; };
		3140AB5621BF246C008A9780 /* Alamofire.framework */ = {isa = PBXFileReference; lastKnownFileType = wrapper.framework; name = Alamofire.framework; path = Carthage/Build/iOS/Alamofire.framework; sourceTree = SOURCE_ROOT; };
		3140AB5D21BF2B98008A9780 /* SwiftyJSON.framework.dSYM */ = {isa = PBXFileReference; lastKnownFileType = wrapper.dsym; name = SwiftyJSON.framework.dSYM; path = Carthage/Build/iOS/SwiftyJSON.framework.dSYM; sourceTree = SOURCE_ROOT; };
		3140AB5E21BF2B98008A9780 /* SwiftyJSON.framework */ = {isa = PBXFileReference; lastKnownFileType = wrapper.framework; name = SwiftyJSON.framework; path = Carthage/Build/iOS/SwiftyJSON.framework; sourceTree = SOURCE_ROOT; };
		3140AB6F21C04F40008A9780 /* WeatherModel.swift */ = {isa = PBXFileReference; fileEncoding = 4; lastKnownFileType = sourcecode.swift; name = WeatherModel.swift; path = ../../../IOSWeatherApp/Weather/Weather/WeatherModel.swift; sourceTree = "<group>"; };
		31C6EBCD211E7DF800F3F61E /* Test.app */ = {isa = PBXFileReference; explicitFileType = wrapper.application; includeInIndex = 0; path = Test.app; sourceTree = BUILT_PRODUCTS_DIR; };
		31C6EBD0211E7DF800F3F61E /* AppDelegate.swift */ = {isa = PBXFileReference; lastKnownFileType = sourcecode.swift; path = AppDelegate.swift; sourceTree = "<group>"; };
		31C6EBD2211E7DF800F3F61E /* ViewController.swift */ = {isa = PBXFileReference; lastKnownFileType = sourcecode.swift; path = ViewController.swift; sourceTree = "<group>"; };
		31C6EBD5211E7DF800F3F61E /* Base */ = {isa = PBXFileReference; lastKnownFileType = file.storyboard; name = Base; path = Base.lproj/Main.storyboard; sourceTree = "<group>"; };
		31C6EBD7211E7DF800F3F61E /* Assets.xcassets */ = {isa = PBXFileReference; lastKnownFileType = folder.assetcatalog; path = Assets.xcassets; sourceTree = "<group>"; };
		31C6EBDA211E7DF800F3F61E /* Base */ = {isa = PBXFileReference; lastKnownFileType = file.storyboard; name = Base; path = Base.lproj/LaunchScreen.storyboard; sourceTree = "<group>"; };
		31C6EBDC211E7DF800F3F61E /* Info.plist */ = {isa = PBXFileReference; lastKnownFileType = text.plist.xml; path = Info.plist; sourceTree = "<group>"; };
/* End PBXFileReference section */

/* Begin PBXFrameworksBuildPhase section */
		31C6EBCA211E7DF800F3F61E /* Frameworks */ = {
			isa = PBXFrameworksBuildPhase;
			buildActionMask = 2147483647;
			files = (
				3140AB6021BF2B98008A9780 /* SwiftyJSON.framework in Frameworks */,
				3140AB5821BF246C008A9780 /* Alamofire.framework in Frameworks */,
			);
			runOnlyForDeploymentPostprocessing = 0;
		};
/* End PBXFrameworksBuildPhase section */

/* Begin PBXGroup section */
		31C6EBC4211E7DF800F3F61E = {
			isa = PBXGroup;
			children = (
				31C6EBCF211E7DF800F3F61E /* Test */,
				31C6EBCE211E7DF800F3F61E /* Products */,
			);
			sourceTree = "<group>";
		};
		31C6EBCE211E7DF800F3F61E /* Products */ = {
			isa = PBXGroup;
			children = (
				31C6EBCD211E7DF800F3F61E /* Test.app */,
			);
			name = Products;
			sourceTree = "<group>";
		};
		31C6EBCF211E7DF800F3F61E /* Test */ = {
			isa = PBXGroup;
			children = (
				3140AB6F21C04F40008A9780 /* WeatherModel.swift */,
				3140AB5E21BF2B98008A9780 /* SwiftyJSON.framework */,
				3140AB5D21BF2B98008A9780 /* SwiftyJSON.framework.dSYM */,
				3140AB5621BF246C008A9780 /* Alamofire.framework */,
				3140AB5521BF246C008A9780 /* Alamofire.framework.dSYM */,
				31C6EBD0211E7DF800F3F61E /* AppDelegate.swift */,
				31C6EBD2211E7DF800F3F61E /* ViewController.swift */,
				31C6EBD4211E7DF800F3F61E /* Main.storyboard */,
				31C6EBD7211E7DF800F3F61E /* Assets.xcassets */,
				31C6EBD9211E7DF800F3F61E /* LaunchScreen.storyboard */,
				31C6EBDC211E7DF800F3F61E /* Info.plist */,
			);
			path = Test;
			sourceTree = "<group>";
		};
/* End PBXGroup section */

/* Begin PBXNativeTarget section */
		31C6EBCC211E7DF800F3F61E /* Test */ = {
			isa = PBXNativeTarget;
			buildConfigurationList = 31C6EBDF211E7DF800F3F61E /* Build configuration list for PBXNativeTarget "Test" */;
			buildPhases = (
				31C6EBC9211E7DF800F3F61E /* Sources */,
				31C6EBCA211E7DF800F3F61E /* Frameworks */,
				31C6EBCB211E7DF800F3F61E /* Resources */,
				3140AB5A21BF26DC008A9780 /* ShellScript */,
				3140AB5B21BF276F008A9780 /* CopyFiles */,
			);
			buildRules = (
			);
			dependencies = (
			);
			name = Test;
			productName = Test;
			productReference = 31C6EBCD211E7DF800F3F61E /* Test.app */;
			productType = "com.apple.product-type.application";
		};
/* End PBXNativeTarget section */

/* Begin PBXProject section */
		31C6EBC5211E7DF800F3F61E /* Project object */ = {
			isa = PBXProject;
			attributes = {
				LastSwiftUpdateCheck = 0940;
				LastUpgradeCheck = 0940;
				ORGANIZATIONNAME = "Dmitry Belyaev";
				TargetAttributes = {
					31C6EBCC211E7DF800F3F61E = {
						CreatedOnToolsVersion = 9.4.1;
					};
				};
			};
			buildConfigurationList = 31C6EBC8211E7DF800F3F61E /* Build configuration list for PBXProject "Test" */;
			compatibilityVersion = "Xcode 9.3";
			developmentRegion = en;
			hasScannedForEncodings = 0;
			knownRegions = (
				en,
				Base,
			);
			mainGroup = 31C6EBC4211E7DF800F3F61E;
			productRefGroup = 31C6EBCE211E7DF800F3F61E /* Products */;
			projectDirPath = "";
			projectRoot = "";
			targets = (
				31C6EBCC211E7DF800F3F61E /* Test */,
			);
		};
/* End PBXProject section */

/* Begin PBXResourcesBuildPhase section */
		31C6EBCB211E7DF800F3F61E /* Resources */ = {
			isa = PBXResourcesBuildPhase;
			buildActionMask = 2147483647;
			files = (
				31C6EBDB211E7DF800F3F61E /* LaunchScreen.storyboard in Resources */,
				3140AB5F21BF2B98008A9780 /* SwiftyJSON.framework.dSYM in Resources */,
				31C6EBD8211E7DF800F3F61E /* Assets.xcassets in Resources */,
				31C6EBD6211E7DF800F3F61E /* Main.storyboard in Resources */,
				3140AB5721BF246C008A9780 /* Alamofire.framework.dSYM in Resources */,
			);
			runOnlyForDeploymentPostprocessing = 0;
		};
/* End PBXResourcesBuildPhase section */

/* Begin PBXShellScriptBuildPhase section */
		3140AB5A21BF26DC008A9780 /* ShellScript */ = {
			isa = PBXShellScriptBuildPhase;
			buildActionMask = 8;
			files = (
			);
			inputFileListPaths = (
			);
			inputPaths = (
				"$(SRCROOT)/Carthage/Build/iOS/Alamofire.framework",
				"$(SRCROOT)/Carthage/Build/iOS/SwiftyJSON.framework",
			);
			outputFileListPaths = (
			);
			outputPaths = (
			);
			runOnlyForDeploymentPostprocessing = 1;
			shellPath = "/usr/local/bin/carthage copy-frameworks";
			shellScript = "# Type a script or drag a script file from your workspace to insert its path.\n";
		};
/* End PBXShellScriptBuildPhase section */

/* Begin PBXSourcesBuildPhase section */
		31C6EBC9211E7DF800F3F61E /* Sources */ = {
			isa = PBXSourcesBuildPhase;
			buildActionMask = 2147483647;
			files = (
				31C6EBD3211E7DF800F3F61E /* ViewController.swift in Sources */,
				3140AB7021C04F40008A9780 /* WeatherModel.swift in Sources */,
				31C6EBD1211E7DF800F3F61E /* AppDelegate.swift in Sources */,
			);
			runOnlyForDeploymentPostprocessing = 0;
		};
/* End PBXSourcesBuildPhase section */

/* Begin PBXVariantGroup section */
		31C6EBD4211E7DF800F3F61E /* Main.storyboard */ = {
			isa = PBXVariantGroup;
			children = (
				31C6EBD5211E7DF800F3F61E /* Base */,
			);
			name = Main.storyboard;
			sourceTree = "<group>";
		};
		31C6EBD9211E7DF800F3F61E /* LaunchScreen.storyboard */ = {
			isa = PBXVariantGroup;
			children = (
				31C6EBDA211E7DF800F3F61E /* Base */,
			);
			name = LaunchScreen.storyboard;
			sourceTree = "<group>";
		};
/* End PBXVariantGroup section */

/* Begin XCBuildConfiguration section */
		31C6EBDD211E7DF800F3F61E /* Debug */ = {
			isa = XCBuildConfiguration;
			buildSettings = {
				ALWAYS_SEARCH_USER_PATHS = NO;
				CLANG_ANALYZER_NONNULL = YES;
				CLANG_ANALYZER_NUMBER_OBJECT_CONVERSION = YES_AGGRESSIVE;
				CLANG_CXX_LANGUAGE_STANDARD = "gnu++14";
				CLANG_CXX_LIBRARY = "libc++";
				CLANG_ENABLE_MODULES = YES;
				CLANG_ENABLE_OBJC_ARC = YES;
				CLANG_ENABLE_OBJC_WEAK = YES;
				CLANG_WARN_BLOCK_CAPTURE_AUTORELEASING = YES;
				CLANG_WARN_BOOL_CONVERSION = YES;
				CLANG_WARN_COMMA = YES;
				CLANG_WARN_CONSTANT_CONVERSION = YES;
				CLANG_WARN_DEPRECATED_OBJC_IMPLEMENTATIONS = YES;
				CLANG_WARN_DIRECT_OBJC_ISA_USAGE = YES_ERROR;
				CLANG_WARN_DOCUMENTATION_COMMENTS = YES;
				CLANG_WARN_EMPTY_BODY = YES;
				CLANG_WARN_ENUM_CONVERSION = YES;
				CLANG_WARN_INFINITE_RECURSION = YES;
				CLANG_WARN_INT_CONVERSION = YES;
				CLANG_WARN_NON_LITERAL_NULL_CONVERSION = YES;
				CLANG_WARN_OBJC_IMPLICIT_RETAIN_SELF = YES;
				CLANG_WARN_OBJC_LITERAL_CONVERSION = YES;
				CLANG_WARN_OBJC_ROOT_CLASS = YES_ERROR;
				CLANG_WARN_RANGE_LOOP_ANALYSIS = YES;
				CLANG_WARN_STRICT_PROTOTYPES = YES;
				CLANG_WARN_SUSPICIOUS_MOVE = YES;
				CLANG_WARN_UNGUARDED_AVAILABILITY = YES_AGGRESSIVE;
				CLANG_WARN_UNREACHABLE_CODE = YES;
				CLANG_WARN__DUPLICATE_METHOD_MATCH = YES;
				CODE_SIGN_IDENTITY = "iPhone Developer";
				COPY_PHASE_STRIP = NO;
				DEBUG_INFORMATION_FORMAT = dwarf;
				ENABLE_STRICT_OBJC_MSGSEND = YES;
				ENABLE_TESTABILITY = YES;
				GCC_C_LANGUAGE_STANDARD = gnu11;
				GCC_DYNAMIC_NO_PIC = NO;
				GCC_NO_COMMON_BLOCKS = YES;
				GCC_OPTIMIZATION_LEVEL = 0;
				GCC_PREPROCESSOR_DEFINITIONS = (
					"DEBUG=1",
					"$(inherited)",
				);
				GCC_WARN_64_TO_32_BIT_CONVERSION = YES;
				GCC_WARN_ABOUT_RETURN_TYPE = YES_ERROR;
				GCC_WARN_UNDECLARED_SELECTOR = YES;
				GCC_WARN_UNINITIALIZED_AUTOS = YES_AGGRESSIVE;
				GCC_WARN_UNUSED_FUNCTION = YES;
				GCC_WARN_UNUSED_VARIABLE = YES;
				IPHONEOS_DEPLOYMENT_TARGET = 11.4;
				MTL_ENABLE_DEBUG_INFO = YES;
				ONLY_ACTIVE_ARCH = YES;
				SDKROOT = iphoneos;
				SWIFT_ACTIVE_COMPILATION_CONDITIONS = DEBUG;
				SWIFT_OPTIMIZATION_LEVEL = "-Onone";
			};
			name = Debug;
		};
		31C6EBDE211E7DF800F3F61E /* Release */ = {
			isa = XCBuildConfiguration;
			buildSettings = {
				ALWAYS_SEARCH_USER_PATHS = NO;
				CLANG_ANALYZER_NONNULL = YES;
				CLANG_ANALYZER_NUMBER_OBJECT_CONVERSION = YES_AGGRESSIVE;
				CLANG_CXX_LANGUAGE_STANDARD = "gnu++14";
				CLANG_CXX_LIBRARY = "libc++";
				CLANG_ENABLE_MODULES = YES;
				CLANG_ENABLE_OBJC_ARC = YES;
				CLANG_ENABLE_OBJC_WEAK = YES;
				CLANG_WARN_BLOCK_CAPTURE_AUTORELEASING = YES;
				CLANG_WARN_BOOL_CONVERSION = YES;
				CLANG_WARN_COMMA = YES;
				CLANG_WARN_CONSTANT_CONVERSION = YES;
				CLANG_WARN_DEPRECATED_OBJC_IMPLEMENTATIONS = YES;
				CLANG_WARN_DIRECT_OBJC_ISA_USAGE = YES_ERROR;
				CLANG_WARN_DOCUMENTATION_COMMENTS = YES;
				CLANG_WARN_EMPTY_BODY = YES;
				CLANG_WARN_ENUM_CONVERSION = YES;
				CLANG_WARN_INFINITE_RECURSION = YES;
				CLANG_WARN_INT_CONVERSION = YES;
				CLANG_WARN_NON_LITERAL_NULL_CONVERSION = YES;
				CLANG_WARN_OBJC_IMPLICIT_RETAIN_SELF = YES;
				CLANG_WARN_OBJC_LITERAL_CONVERSION = YES;
				CLANG_WARN_OBJC_ROOT_CLASS = YES_ERROR;
				CLANG_WARN_RANGE_LOOP_ANALYSIS = YES;
				CLANG_WARN_STRICT_PROTOTYPES = YES;
				CLANG_WARN_SUSPICIOUS_MOVE = YES;
				CLANG_WARN_UNGUARDED_AVAILABILITY = YES_AGGRESSIVE;
				CLANG_WARN_UNREACHABLE_CODE = YES;
				CLANG_WARN__DUPLICATE_METHOD_MATCH = YES;
				CODE_SIGN_IDENTITY = "iPhone Developer";
				COPY_PHASE_STRIP = NO;
				DEBUG_INFORMATION_FORMAT = "dwarf-with-dsym";
				ENABLE_NS_ASSERTIONS = NO;
				ENABLE_STRICT_OBJC_MSGSEND = YES;
				GCC_C_LANGUAGE_STANDARD = gnu11;
				GCC_NO_COMMON_BLOCKS = YES;
				GCC_WARN_64_TO_32_BIT_CONVERSION = YES;
				GCC_WARN_ABOUT_RETURN_TYPE = YES_ERROR;
				GCC_WARN_UNDECLARED_SELECTOR = YES;
				GCC_WARN_UNINITIALIZED_AUTOS = YES_AGGRESSIVE;
				GCC_WARN_UNUSED_FUNCTION = YES;
				GCC_WARN_UNUSED_VARIABLE = YES;
				IPHONEOS_DEPLOYMENT_TARGET = 11.4;
				MTL_ENABLE_DEBUG_INFO = NO;
				SDKROOT = iphoneos;
				SWIFT_COMPILATION_MODE = wholemodule;
				SWIFT_OPTIMIZATION_LEVEL = "-O";
				VALIDATE_PRODUCT = YES;
			};
			name = Release;
		};
		31C6EBE0211E7DF800F3F61E /* Debug */ = {
			isa = XCBuildConfiguration;
			buildSettings = {
				ASSETCATALOG_COMPILER_APPICON_NAME = AppIcon;
				CODE_SIGN_STYLE = Automatic;
				FRAMEWORK_SEARCH_PATHS = (
					"$(inherited)",
					"$(PROJECT_DIR)/Carthage/Build/iOS",
				);
				INFOPLIST_FILE = Test/Info.plist;
				LD_RUNPATH_SEARCH_PATHS = (
					"$(inherited)",
					"@executable_path/Frameworks",
				);
				PRODUCT_BUNDLE_IDENTIFIER = ru.dmitry.belyaev.Test;
				PRODUCT_NAME = "$(TARGET_NAME)";
				SWIFT_VERSION = 4.0;
				TARGETED_DEVICE_FAMILY = "1,2";
			};
			name = Debug;
		};
		31C6EBE1211E7DF800F3F61E /* Release */ = {
			isa = XCBuildConfiguration;
			buildSettings = {
				ASSETCATALOG_COMPILER_APPICON_NAME = AppIcon;
				CODE_SIGN_STYLE = Automatic;
				FRAMEWORK_SEARCH_PATHS = (
					"$(inherited)",
					"$(PROJECT_DIR)/Carthage/Build/iOS",
				);
				INFOPLIST_FILE = Test/Info.plist;
				LD_RUNPATH_SEARCH_PATHS = (
					"$(inherited)",
					"@executable_path/Frameworks",
				);
				PRODUCT_BUNDLE_IDENTIFIER = ru.dmitry.belyaev.Test;
				PRODUCT_NAME = "$(TARGET_NAME)";
				SWIFT_VERSION = 4.0;
				TARGETED_DEVICE_FAMILY = "1,2";
			};
			name = Release;
		};
/* End XCBuildConfiguration section */

/* Begin XCConfigurationList section */
		31C6EBC8211E7DF800F3F61E /* Build configuration list for PBXProject "Test" */ = {
			isa = XCConfigurationList;
			buildConfigurations = (
				31C6EBDD211E7DF800F3F61E /* Debug */,
				31C6EBDE211E7DF800F3F61E /* Release */,
			);
			defaultConfigurationIsVisible = 0;
			defaultConfigurationName = Release;
		};
		31C6EBDF211E7DF800F3F61E /* Build configuration list for PBXNativeTarget "Test" */ = {
			isa = XCConfigurationList;
			buildConfigurations = (
				31C6EBE0211E7DF800F3F61E /* Debug */,
				31C6EBE1211E7DF800F3F61E /* Release */,
			);
			defaultConfigurationIsVisible = 0;
			defaultConfigurationName = Release;
		};
/* End XCConfigurationList section */
	};
	rootObject = 31C6EBC5211E7DF800F3F61E /* Project object */;
}
